
Microsoft Visual Studio Solution File, Format Version 12.00
# Visual Studio 15
VisualStudioVersion = 15.0.26124.0
MinimumVisualStudioVersion = 15.0.26124.0
Project("{2150E333-8FDC-42A3-9474-1A3956D46DE8}") = "src", "src", "{BCA5FBE0-591A-4738-8C99-E5B18FCA6F84}"
EndProject
Project("{FAE04EC0-301F-11D3-BF4B-00C04F79EFBC}") = "Domain", "src\Domain\Domain.csproj", "{F04D35F6-148B-4855-88A3-BC374CC86F47}"
EndProject
Project("{2150E333-8FDC-42A3-9474-1A3956D46DE8}") = "tests", "tests", "{9180F14C-A63A-45B3-A251-217A852D961E}"
EndProject
Project("{FAE04EC0-301F-11D3-BF4B-00C04F79EFBC}") = "DomainTests", "tests\DomainTests\DomainTests.csproj", "{486D0E28-BC84-4689-96E7-567CCCE0BCCE}"
EndProject
Global
	GlobalSection(SolutionConfigurationPlatforms) = preSolution
		Debug|Any CPU = Debug|Any CPU
		Debug|x64 = Debug|x64
		Debug|x86 = Debug|x86
		Release|Any CPU = Release|Any CPU
		Release|x64 = Release|x64
		Release|x86 = Release|x86
	EndGlobalSection
	GlobalSection(SolutionProperties) = preSolution
		HideSolutionNode = FALSE
	EndGlobalSection
	GlobalSection(ProjectConfigurationPlatforms) = postSolution
		{F04D35F6-148B-4855-88A3-BC374CC86F47}.Debug|Any CPU.ActiveCfg = Debug|Any CPU
		{F04D35F6-148B-4855-88A3-BC374CC86F47}.Debug|Any CPU.Build.0 = Debug|Any CPU
		{F04D35F6-148B-4855-88A3-BC374CC86F47}.Debug|x64.ActiveCfg = Debug|Any CPU
		{F04D35F6-148B-4855-88A3-BC374CC86F47}.Debug|x64.Build.0 = Debug|Any CPU
		{F04D35F6-148B-4855-88A3-BC374CC86F47}.Debug|x86.ActiveCfg = Debug|Any CPU
		{F04D35F6-148B-4855-88A3-BC374CC86F47}.Debug|x86.Build.0 = Debug|Any CPU
		{F04D35F6-148B-4855-88A3-BC374CC86F47}.Release|Any CPU.ActiveCfg = Release|Any CPU
		{F04D35F6-148B-4855-88A3-BC374CC86F47}.Release|Any CPU.Build.0 = Release|Any CPU
		{F04D35F6-148B-4855-88A3-BC374CC86F47}.Release|x64.ActiveCfg = Release|Any CPU
		{F04D35F6-148B-4855-88A3-BC374CC86F47}.Release|x64.Build.0 = Release|Any CPU
		{F04D35F6-148B-4855-88A3-BC374CC86F47}.Release|x86.ActiveCfg = Release|Any CPU
		{F04D35F6-148B-4855-88A3-BC374CC86F47}.Release|x86.Build.0 = Release|Any CPU
		{486D0E28-BC84-4689-96E7-567CCCE0BCCE}.Debug|Any CPU.ActiveCfg = Debug|Any CPU
		{486D0E28-BC84-4689-96E7-567CCCE0BCCE}.Debug|Any CPU.Build.0 = Debug|Any CPU
		{486D0E28-BC84-4689-96E7-567CCCE0BCCE}.Debug|x64.ActiveCfg = Debug|Any CPU
		{486D0E28-BC84-4689-96E7-567CCCE0BCCE}.Debug|x64.Build.0 = Debug|Any CPU
		{486D0E28-BC84-4689-96E7-567CCCE0BCCE}.Debug|x86.ActiveCfg = Debug|Any CPU
		{486D0E28-BC84-4689-96E7-567CCCE0BCCE}.Debug|x86.Build.0 = Debug|Any CPU
		{486D0E28-BC84-4689-96E7-567CCCE0BCCE}.Release|Any CPU.ActiveCfg = Release|Any CPU
		{486D0E28-BC84-4689-96E7-567CCCE0BCCE}.Release|Any CPU.Build.0 = Release|Any CPU
		{486D0E28-BC84-4689-96E7-567CCCE0BCCE}.Release|x64.ActiveCfg = Release|Any CPU
		{486D0E28-BC84-4689-96E7-567CCCE0BCCE}.Release|x64.Build.0 = Release|Any CPU
		{486D0E28-BC84-4689-96E7-567CCCE0BCCE}.Release|x86.ActiveCfg = Release|Any CPU
		{486D0E28-BC84-4689-96E7-567CCCE0BCCE}.Release|x86.Build.0 = Release|Any CPU
	EndGlobalSection
	GlobalSection(NestedProjects) = preSolution
		{F04D35F6-148B-4855-88A3-BC374CC86F47} = {BCA5FBE0-591A-4738-8C99-E5B18FCA6F84}
		{486D0E28-BC84-4689-96E7-567CCCE0BCCE} = {9180F14C-A63A-45B3-A251-217A852D961E}
	EndGlobalSection
EndGlobal
